
Microsoft Visual Studio Solution File, Format Version 12.00
# Visual Studio 15
VisualStudioVersion = 15.0.28307.421
MinimumVisualStudioVersion = 10.0.40219.1
Project("{FAE04EC0-301F-11D3-BF4B-00C04F79EFBC}") = "MyForm", "MyForm\MyForm.csproj", "{ECB3FCA4-AE3D-4DA7-8892-545925F9C015}"
EndProject
Global
	GlobalSection(SolutionConfigurationPlatforms) = preSolution
		Debug|Any CPU = Debug|Any CPU
		Release|Any CPU = Release|Any CPU
	EndGlobalSection
	GlobalSection(ProjectConfigurationPlatforms) = postSolution
		{ECB3FCA4-AE3D-4DA7-8892-545925F9C015}.Debug|Any CPU.ActiveCfg = Debug|Any CPU
		{ECB3FCA4-AE3D-4DA7-8892-545925F9C015}.Debug|Any CPU.Build.0 = Debug|Any CPU
		{ECB3FCA4-AE3D-4DA7-8892-545925F9C015}.Release|Any CPU.ActiveCfg = Release|Any CPU
		{ECB3FCA4-AE3D-4DA7-8892-545925F9C015}.Release|Any CPU.Build.0 = Release|Any CPU
	EndGlobalSection
	GlobalSection(SolutionProperties) = preSolution
		HideSolutionNode = FALSE
	EndGlobalSection
	GlobalSection(ExtensibilityGlobals) = postSolution
		SolutionGuid = {0A92F8C2-5620-47DB-9C92-6E36E5326443}
	EndGlobalSection
EndGlobal
